
Microsoft Visual Studio Solution File, Format Version 12.00
Project("{FAE04EC0-301F-11D3-BF4B-00C04F79EFBC}") = "FweetMicroservice", "FweetMicroservice\FweetMicroservice.csproj", "{81EA9357-C344-4F49-B94A-74AC47458A5B}"
EndProject
Global
	GlobalSection(SolutionConfigurationPlatforms) = preSolution
		Debug|Any CPU = Debug|Any CPU
		Release|Any CPU = Release|Any CPU
	EndGlobalSection
	GlobalSection(ProjectConfigurationPlatforms) = postSolution
		{81EA9357-C344-4F49-B94A-74AC47458A5B}.Debug|Any CPU.ActiveCfg = Debug|Any CPU
		{81EA9357-C344-4F49-B94A-74AC47458A5B}.Debug|Any CPU.Build.0 = Debug|Any CPU
		{81EA9357-C344-4F49-B94A-74AC47458A5B}.Release|Any CPU.ActiveCfg = Release|Any CPU
		{81EA9357-C344-4F49-B94A-74AC47458A5B}.Release|Any CPU.Build.0 = Release|Any CPU
	EndGlobalSection
EndGlobal
